<?xml version="1.0" encoding="utf-8"?>
<Project ToolsVersion="4.0" xmlns="http://schemas.microsoft.com/developer/msbuild/2003">
  <ItemGroup>
    <Filter Include="Source Files">
      <UniqueIdentifier>{4FC737F1-C7A5-4376-A066-2A32D752A2FF}</UniqueIdentifier>
      <Extensions>cpp;c;cc;cxx;c++;cppm;ixx;def;odl;idl;hpj;bat;asm;asmx</Extensions>
    </Filter>
    <Filter Include="Header Files">
      <UniqueIdentifier>{93995380-89BD-4b04-88EB-625FBE52EBFB}</UniqueIdentifier>
      <Extensions>h;hh;hpp;hxx;h++;hm;inl;inc;ipp;xsd</Extensions>
    </Filter>
    <Filter Include="Resource Files">
      <UniqueIdentifier>{67DA6AB6-F800-4c08-8B7A-83BB121AAD01}</UniqueIdentifier>
      <Extensions>rc;ico;cur;bmp;dlg;rc2;rct;bin;rgs;gif;jpg;jpeg;jpe;resx;tiff;tif;png;wav;mfcribbon-ms</Extensions>
    </Filter>
  </ItemGroup>
  <ItemGroup>
    <ClCompile Include="src\Main.cpp">
      <Filter>Source Files</Filter>
    </ClCompile>
    <ClCompile Include="src\math\Mat4f.cpp">
      <Filter>Source Files</Filter>
    </ClCompile>
    <ClCompile Include="src\vendor\stb_image\stb_image.cpp">
      <Filter>Source Files</Filter>
    </ClCompile>
    <ClCompile Include="src\engine\Image.cpp">
      <Filter>Source Files</Filter>
    </ClCompile>
    <ClCompile Include="src\engine\IndexBuffer.cpp">
      <Filter>Source Files</Filter>
    </ClCompile>
    <ClCompile Include="src\engine\Renderer.cpp">
      <Filter>Source Files</Filter>
    </ClCompile>
    <ClCompile Include="src\engine\Shader.cpp">
      <Filter>Source Files</Filter>
    </ClCompile>
    <ClCompile Include="src\engine\Text.cpp">
      <Filter>Source Files</Filter>
    </ClCompile>
    <ClCompile Include="src\engine\Texture.cpp">
      <Filter>Source Files</Filter>
    </ClCompile>
    <ClCompile Include="src\engine\VertexArray.cpp">
      <Filter>Source Files</Filter>
    </ClCompile>
    <ClCompile Include="src\engine\VertexBuffer.cpp">
      <Filter>Source Files</Filter>
    </ClCompile>
    <ClCompile Include="src\engine\Log.cpp">
      <Filter>Source Files</Filter>
    </ClCompile>
    <ClCompile Include="src\TowerDefense.cpp">
      <Filter>Source Files</Filter>
    </ClCompile>
    <ClCompile Include="src\scenes\MainMenu.cpp">
      <Filter>Source Files</Filter>
    </ClCompile>
    <ClCompile Include="src\core\Entity.cpp">
      <Filter>Source Files</Filter>
    </ClCompile>
    <ClCompile Include="src\core\Button.cpp">
      <Filter>Source Files</Filter>
    </ClCompile>
    <ClCompile Include="src\engine\Input.cpp">
      <Filter>Source Files</Filter>
    </ClCompile>
    <ClCompile Include="src\pch.cpp">
      <Filter>Source Files</Filter>
    </ClCompile>
    <ClCompile Include="src\scenes\Base.cpp">
      <Filter>Source Files</Filter>
    </ClCompile>
    <ClCompile Include="src\scenes\PreCombatScreen.cpp">
      <Filter>Source Files</Filter>
    </ClCompile>
    <ClCompile Include="src\scenes\PostCombatScreen.cpp">
      <Filter>Source Files</Filter>
    </ClCompile>
    <ClCompile Include="src\scenes\Combat.cpp">
      <Filter>Source Files</Filter>
    </ClCompile>
    <ClCompile Include="src\cards\Card.cpp">
      <Filter>Source Files</Filter>
    </ClCompile>
    <ClCompile Include="src\cards\Hand.cpp">
      <Filter>Source Files</Filter>
    </ClCompile>
    <ClCompile Include="src\cards\CardPile.cpp">
      <Filter>Source Files</Filter>
    </ClCompile>
    <ClCompile Include="src\core\Player.cpp">
      <Filter>Source Files</Filter>
    </ClCompile>
    <ClCompile Include="src\cards\Focus.cpp">
      <Filter>Source Files</Filter>
    </ClCompile>
    <ClCompile Include="src\core\Board.cpp">
      <Filter>Source Files</Filter>
    </ClCompile>
    <ClCompile Include="src\core\Tile.cpp">
      <Filter>Source Files</Filter>
    </ClCompile>
    <ClCompile Include="src\enemies\Enemy.cpp">
      <Filter>Source Files</Filter>
    </ClCompile>
    <ClCompile Include="src\core\Clock.cpp">
      <Filter>Source Files</Filter>
    </ClCompile>
    <ClCompile Include="src\towers\Tower.cpp">
      <Filter>Source Files</Filter>
    </ClCompile>
    <ClCompile Include="src\towers\projectiles\Projectile.cpp">
      <Filter>Source Files</Filter>
    </ClCompile>
    <ClCompile Include="src\towers\projectiles\Projectiles.cpp">
      <Filter>Source Files</Filter>
    </ClCompile>
    <ClCompile Include="src\towers\Archer.cpp">
      <Filter>Source Files</Filter>
    </ClCompile>
    <ClCompile Include="src\cards\TowerCard.cpp">
      <Filter>Source Files</Filter>
    </ClCompile>
    <ClCompile Include="src\cards\TowerCards.cpp">
      <Filter>Source Files</Filter>
    </ClCompile>
    <ClCompile Include="src\towers\Wizard.cpp">
      <Filter>Source Files</Filter>
    </ClCompile>
    <ClCompile Include="src\towers\Giant.cpp">
      <Filter>Source Files</Filter>
    </ClCompile>
    <ClCompile Include="src\towers\Alchemist.cpp">
      <Filter>Source Files</Filter>
    </ClCompile>
    <ClCompile Include="src\core\AnimationEffect.cpp">
      <Filter>Source Files</Filter>
    </ClCompile>
    <ClCompile Include="src\engine\Animation.cpp">
      <Filter>Source Files</Filter>
    </ClCompile>
    <ClCompile Include="src\towers\Bard.cpp">
      <Filter>Source Files</Filter>
    </ClCompile>
    <ClCompile Include="src\towers\buffs\Buff.cpp">
      <Filter>Source Files</Filter>
    </ClCompile>
    <ClCompile Include="src\towers\buffs\SpeedBuff.cpp">
      <Filter>Source Files</Filter>
    </ClCompile>
    <ClCompile Include="src\towers\buffs\DamageBuff.cpp">
      <Filter>Source Files</Filter>
    </ClCompile>
    <ClCompile Include="src\towers\Cleric.cpp">
      <Filter>Source Files</Filter>
    </ClCompile>
    <ClCompile Include="src\towers\Paladin.cpp">
      <Filter>Source Files</Filter>
    </ClCompile>
    <ClCompile Include="src\towers\Monk.cpp">
      <Filter>Source Files</Filter>
    </ClCompile>
    <ClCompile Include="src\cards\PotOfGreed.cpp">
      <Filter>Source Files</Filter>
    </ClCompile>
    <ClCompile Include="src\cards\FireBall.cpp">
      <Filter>Source Files</Filter>
    </ClCompile>
    <ClCompile Include="src\engine\Circle.cpp">
      <Filter>Source Files</Filter>
    </ClCompile>
    <ClCompile Include="src\cards\FrostBall.cpp">
      <Filter>Source Files</Filter>
    </ClCompile>
    <ClCompile Include="src\engine\Rectangle.cpp">
      <Filter>Source Files</Filter>
    </ClCompile>
    <ClCompile Include="src\enemies\HealthBar.cpp">
      <Filter>Source Files</Filter>
    </ClCompile>
    <ClCompile Include="src\math\Random.cpp">
      <Filter>Source Files</Filter>
    </ClCompile>
    <ClCompile Include="src\enemies\Wave.cpp">
      <Filter>Source Files</Filter>
    </ClCompile>
    <ClCompile Include="src\enemies\Fight.cpp">
      <Filter>Source Files</Filter>
    </ClCompile>
    <ClCompile Include="src\cards\CardChoice.cpp">
      <Filter>Source Files</Filter>
    </ClCompile>
    <ClCompile Include="src\cards\quirks\Quirk.cpp">
      <Filter>Source Files</Filter>
    </ClCompile>
    <ClCompile Include="src\cards\HeroCard.cpp">
      <Filter>Source Files</Filter>
    </ClCompile>
    <ClCompile Include="src\cards\quirks\Human.cpp">
      <Filter>Source Files</Filter>
    </ClCompile>
    <ClCompile Include="src\cards\quirks\Dwarf.cpp">
      <Filter>Source Files</Filter>
    </ClCompile>
    <ClCompile Include="src\cards\quirks\HighElf.cpp">
      <Filter>Source Files</Filter>
    </ClCompile>
    <ClCompile Include="src\cards\quirks\WoodElf.cpp">
      <Filter>Source Files</Filter>
    </ClCompile>
    <ClCompile Include="src\cards\quirks\Orc.cpp">
      <Filter>Source Files</Filter>
    </ClCompile>
    <ClCompile Include="src\cards\quirks\Gnome.cpp">
      <Filter>Source Files</Filter>
    </ClCompile>
    <ClCompile Include="src\cards\quirks\Giant.cpp">
      <Filter>Source Files</Filter>
    </ClCompile>
    <ClCompile Include="src\cards\quirks\BattleReady.cpp">
      <Filter>Source Files</Filter>
    </ClCompile>
    <ClCompile Include="src\cards\quirks\Explorer.cpp">
      <Filter>Source Files</Filter>
    </ClCompile>
    <ClCompile Include="src\cards\quirks\Nearsighted.cpp">
      <Filter>Source Files</Filter>
    </ClCompile>
    <ClCompile Include="src\cards\upgrades\Upgrades.cpp">
      <Filter>Source Files</Filter>
    </ClCompile>
    <ClCompile Include="src\cards\quirks\Veteran.cpp">
      <Filter>Source Files</Filter>
    </ClCompile>
    <ClCompile Include="src\cards\quirks\JustLucky.cpp">
      <Filter>Source Files</Filter>
    </ClCompile>
    <ClCompile Include="src\engine\SpriteSheet.cpp">
      <Filter>Source Files</Filter>
    </ClCompile>
    <ClCompile Include="src\towers\TowerInfo.cpp">
      <Filter>Source Files</Filter>
    </ClCompile>
    <ClCompile Include="src\enemies\EnemyInfo.cpp">
      <Filter>Source Files</Filter>
    </ClCompile>
    <ClCompile Include="src\scenes\cave_scenes\CaveScene.cpp">
      <Filter>Source Files</Filter>
    </ClCompile>
    <ClCompile Include="src\scenes\cave_scenes\FountainOfYouth.cpp">
      <Filter>Source Files</Filter>
    </ClCompile>
    <ClCompile Include="src\scenes\cave_scenes\LiterallySatan.cpp">
      <Filter>Source Files</Filter>
    </ClCompile>
    <ClCompile Include="src\scenes\cave_scenes\CaveBat.cpp">
      <Filter>Source Files</Filter>
    </ClCompile>
    <ClCompile Include="src\scenes\cave_scenes\TrolleyProblem.cpp">
      <Filter>Source Files</Filter>
    </ClCompile>
    <ClCompile Include="src\scenes\cave_scenes\KnightsWhoSayNah.cpp">
      <Filter>Source Files</Filter>
    </ClCompile>
    <ClCompile Include="src\cards\curses\Flames.cpp">
      <Filter>Source Files</Filter>
    </ClCompile>
    <ClCompile Include="src\cards\quirks\Farsighted.cpp">
      <Filter>Source Files</Filter>
    </ClCompile>
    <ClCompile Include="src\scenes\base_scenes\Caves.cpp">
      <Filter>Source Files</Filter>
    </ClCompile>
    <ClCompile Include="src\scenes\base_scenes\Rest.cpp">
      <Filter>Source Files</Filter>
    </ClCompile>
    <ClCompile Include="src\scenes\base_scenes\Library.cpp">
      <Filter>Source Files</Filter>
    </ClCompile>
    <ClCompile Include="src\scenes\base_scenes\Smithing.cpp">
      <Filter>Source Files</Filter>
    </ClCompile>
    <ClCompile Include="src\scenes\base_scenes\Tavern.cpp">
      <Filter>Source Files</Filter>
    </ClCompile>
    <ClCompile Include="src\scenes\base_scenes\Chapel.cpp">
      <Filter>Source Files</Filter>
    </ClCompile>
    <ClCompile Include="src\artifacts\TokenOfTheMute.cpp">
      <Filter>Source Files</Filter>
    </ClCompile>
    <ClCompile Include="src\artifacts\ArtifactPile.cpp">
      <Filter>Source Files</Filter>
    </ClCompile>
    <ClCompile Include="src\artifacts\TokenOfTheArmored.cpp">
      <Filter>Source Files</Filter>
    </ClCompile>
    <ClCompile Include="src\artifacts\TokenOfTheBroken.cpp">
      <Filter>Source Files</Filter>
    </ClCompile>
    <ClCompile Include="src\artifacts\TokenOfTheVigilant.cpp">
      <Filter>Source Files</Filter>
    </ClCompile>
    <ClCompile Include="src\cards\Lightning.cpp">
      <Filter>Source Files</Filter>
    </ClCompile>
    <ClCompile Include="src\engine\Line.cpp">
      <Filter>Source Files</Filter>
    </ClCompile>
    <ClCompile Include="src\cards\LightningBolt.cpp">
      <Filter>Source Files</Filter>
    </ClCompile>
    <ClCompile Include="src\scenes\base_scenes\Build.cpp">
      <Filter>Source Files</Filter>
    </ClCompile>
    <ClCompile Include="src\scenes\base_scenes\BuildButton.cpp">
      <Filter>Source Files</Filter>
    </ClCompile>
    <ClCompile Include="src\scenes\CombatReward.cpp">
      <Filter>Source Files</Filter>
    </ClCompile>
    <ClCompile Include="src\cards\Double.cpp">
      <Filter>Source Files</Filter>
    </ClCompile>
    <ClCompile Include="src\core\TextureLoader.cpp">
      <Filter>Source Files</Filter>
    </ClCompile>
    <ClCompile Include="src\cards\PoisonBall.cpp">
      <Filter>Source Files</Filter>
    </ClCompile>
    <ClCompile Include="src\cards\Sift.cpp">
      <Filter>Source Files</Filter>
    </ClCompile>
    <ClCompile Include="src\cards\Reflect.cpp">
      <Filter>Source Files</Filter>
    </ClCompile>
    <ClCompile Include="src\cards\Skim.cpp">
      <Filter>Source Files</Filter>
    </ClCompile>
    <ClCompile Include="src\cards\Refresh.cpp">
      <Filter>Source Files</Filter>
    </ClCompile>
    <ClCompile Include="src\cards\Center.cpp">
      <Filter>Source Files</Filter>
    </ClCompile>
    <ClCompile Include="src\cards\Gather.cpp">
      <Filter>Source Files</Filter>
    </ClCompile>
    <ClCompile Include="src\cards\Concentrate.cpp">
      <Filter>Source Files</Filter>
    </ClCompile>
    <ClCompile Include="src\cards\Recharge.cpp">
      <Filter>Source Files</Filter>
    </ClCompile>
    <ClCompile Include="src\cards\Attain.cpp">
      <Filter>Source Files</Filter>
    </ClCompile>
    <ClCompile Include="src\cards\Ren.cpp">
      <Filter>Source Files</Filter>
    </ClCompile>
    <ClCompile Include="src\cards\Surge.cpp">
      <Filter>Source Files</Filter>
    </ClCompile>
    <ClCompile Include="src\cards\MassStun.cpp">
      <Filter>Source Files</Filter>
    </ClCompile>
    <ClCompile Include="src\Auras\LifeSteal.cpp">
      <Filter>Source Files</Filter>
    </ClCompile>
    <ClCompile Include="src\cards\LifeAura.cpp">
      <Filter>Source Files</Filter>
    </ClCompile>
    <ClCompile Include="src\Auras\Aura.cpp">
      <Filter>Source Files</Filter>
    </ClCompile>
    <ClCompile Include="src\Auras\PoisonWeapons.cpp">
      <Filter>Source Files</Filter>
    </ClCompile>
    <ClCompile Include="src\cards\Envenom.cpp">
      <Filter>Source Files</Filter>
    </ClCompile>
    <ClCompile Include="src\Auras\StunAttacks.cpp">
      <Filter>Source Files</Filter>
    </ClCompile>
    <ClCompile Include="src\cards\StunningStrikes.cpp">
      <Filter>Source Files</Filter>
    </ClCompile>
    <ClCompile Include="src\Auras\ConstantDamage.cpp">
      <Filter>Source Files</Filter>
    </ClCompile>
    <ClCompile Include="src\cards\TheFloorIsLava.cpp">
      <Filter>Source Files</Filter>
    </ClCompile>
    <ClCompile Include="src\Auras\DeathExplosions.cpp">
      <Filter>Source Files</Filter>
    </ClCompile>
    <ClCompile Include="src\cards\ExplosiveStrikes.cpp">
      <Filter>Source Files</Filter>
    </ClCompile>
    <ClCompile Include="src\Auras\Storm.cpp">
      <Filter>Source Files</Filter>
    </ClCompile>
    <ClCompile Include="src\cards\LightningStorm.cpp">
      <Filter>Source Files</Filter>
    </ClCompile>
    <ClCompile Include="src\Auras\EnhancePoison.cpp">
      <Filter>Source Files</Filter>
    </ClCompile>
    <ClCompile Include="src\cards\StrongPoisons.cpp">
      <Filter>Source Files</Filter>
    </ClCompile>
    <ClCompile Include="src\enemies\DoubleOoze.cpp">
      <Filter>Source Files</Filter>
    </ClCompile>
    <ClCompile Include="src\enemies\JumpingOoze.cpp">
      <Filter>Source Files</Filter>
    </ClCompile>
    <ClCompile Include="src\enemies\Doubler.cpp">
      <Filter>Source Files</Filter>
    </ClCompile>
    <ClCompile Include="src\enemies\ShieldRat.cpp">
      <Filter>Source Files</Filter>
    </ClCompile>
    <ClCompile Include="src\enemies\ShamanRat.cpp">
      <Filter>Source Files</Filter>
    </ClCompile>
    <ClCompile Include="src\enemies\HealerRat.cpp">
      <Filter>Source Files</Filter>
    </ClCompile>
    <ClCompile Include="src\enemies\BlinkBug.cpp">
      <Filter>Source Files</Filter>
    </ClCompile>
    <ClCompile Include="src\enemies\RunnerBeetle.cpp">
      <Filter>Source Files</Filter>
    </ClCompile>
    <ClCompile Include="src\enemies\MegaOoze.cpp">
      <Filter>Source Files</Filter>
    </ClCompile>
    <ClCompile Include="src\artifacts\BlessingOfTheBat.cpp">
      <Filter>Source Files</Filter>
    </ClCompile>
    <ClCompile Include="src\enemies\TankBeetle.cpp">
      <Filter>Source Files</Filter>
    </ClCompile>
    <ClCompile Include="src\towers\Ranger.cpp">
      <Filter>Source Files</Filter>
    </ClCompile>
    <ClCompile Include="src\scenes\base_scenes\Trader.cpp">
      <Filter>Source Files</Filter>
    </ClCompile>
    <ClCompile Include="src\scenes\base_scenes\CardSlot.cpp">
      <Filter>Source Files</Filter>
    </ClCompile>
    <ClCompile Include="src\scenes\base_scenes\ArtifactSlot.cpp">
      <Filter>Source Files</Filter>
    </ClCompile>
    <ClCompile Include="src\artifacts\Artifact.cpp">
      <Filter>Source Files</Filter>
    </ClCompile>
    <ClCompile Include="src\enemies\EnemyIcon.cpp">
      <Filter>Source Files</Filter>
    </ClCompile>
    <ClCompile Include="src\scenes\base_scenes\ManageWorkers.cpp">
      <Filter>Source Files</Filter>
    </ClCompile>
    <ClCompile Include="src\artifacts\LuckyTools.cpp">
      <Filter>Source Files</Filter>
    </ClCompile>
    <ClCompile Include="src\artifacts\Boulder.cpp">
      <Filter>Source Files</Filter>
    </ClCompile>
    <ClCompile Include="src\artifacts\MagicBeans.cpp">
      <Filter>Source Files</Filter>
    </ClCompile>
    <ClCompile Include="src\artifacts\FruitCake.cpp">
      <Filter>Source Files</Filter>
    </ClCompile>
    <ClCompile Include="src\artifacts\DollHouse.cpp">
      <Filter>Source Files</Filter>
    </ClCompile>
    <ClCompile Include="src\artifacts\ToyDolls.cpp">
      <Filter>Source Files</Filter>
    </ClCompile>
    <ClCompile Include="src\artifacts\HandOfMidas.cpp">
      <Filter>Source Files</Filter>
    </ClCompile>
    <ClCompile Include="src\artifacts\HouseExpansionKit.cpp">
      <Filter>Source Files</Filter>
    </ClCompile>
    <ClCompile Include="src\artifacts\Thermos.cpp">
      <Filter>Source Files</Filter>
    </ClCompile>
    <ClCompile Include="src\artifacts\Cooler.cpp">
      <Filter>Source Files</Filter>
    </ClCompile>
    <ClCompile Include="src\artifacts\MiniatureWormHole.cpp">
      <Filter>Source Files</Filter>
    </ClCompile>
    <ClCompile Include="src\artifacts\SpecialToxins.cpp">
      <Filter>Source Files</Filter>
    </ClCompile>
    <ClCompile Include="src\cards\SideboardSlot.cpp">
      <Filter>Source Files</Filter>
    </ClCompile>
  </ItemGroup>
  <ItemGroup>
    <None Include="res\shaders\Texture.shader" />
    <None Include="res\shaders\Text.shader" />
    <None Include="res\shaders\Circle.shader" />
    <None Include="res\shaders\Rectangle.shader" />
    <None Include="res\shaders\Line.shader" />
    <None Include="res\shaders\Invisible.shader" />
  </ItemGroup>
  <ItemGroup>
    <Image Include="res\textures\CardBackgrounds.png">
      <Filter>Resource Files</Filter>
    </Image>
    <Image Include="res\textures\deckEmpty.png">
      <Filter>Resource Files</Filter>
    </Image>
    <Image Include="res\textures\deckFull.png">
      <Filter>Resource Files</Filter>
    </Image>
    <Image Include="res\textures\endButtonOn.png">
      <Filter>Resource Files</Filter>
    </Image>
    <Image Include="res\textures\outline.png">
      <Filter>Resource Files</Filter>
    </Image>
    <Image Include="res\textures\pauseOn.png">
      <Filter>Resource Files</Filter>
    </Image>
    <Image Include="res\textures\smithArrow.png">
      <Filter>Resource Files</Filter>
    </Image>
    <Image Include="res\textures\MainMenuButtons.png">
      <Filter>Resource Files</Filter>
    </Image>
    <Image Include="res\textures\selectedTile.png">
      <Filter>Resource Files</Filter>
    </Image>
    <Image Include="res\textures\tiles.png">
      <Filter>Resource Files</Filter>
    </Image>
    <Image Include="res\textures\Arial.png">
      <Filter>Resource Files</Filter>
    </Image>
    <Image Include="res\textures\ArialBold.png">
      <Filter>Resource Files</Filter>
    </Image>
    <Image Include="res\textures\CombatButtons.png">
      <Filter>Resource Files</Filter>
    </Image>
    <Image Include="res\textures\Enemies.png">
      <Filter>Resource Files</Filter>
    </Image>
    <Image Include="res\textures\HeroUpgrades.png">
      <Filter>Resource Files</Filter>
    </Image>
    <Image Include="res\textures\SkillCards.png">
      <Filter>Resource Files</Filter>
    </Image>
    <Image Include="res\textures\TowerCards.png">
      <Filter>Resource Files</Filter>
    </Image>
    <Image Include="res\textures\Towers.png">
      <Filter>Resource Files</Filter>
    </Image>
    <Image Include="res\textures\AnimationEffects.png">
      <Filter>Resource Files</Filter>
    </Image>
    <Image Include="res\textures\BaseButtons.png">
      <Filter>Resource Files</Filter>
    </Image>
    <Image Include="res\textures\HeroImages.png">
      <Filter>Resource Files</Filter>
    </Image>
    <Image Include="res\textures\InfoTiles.png">
      <Filter>Resource Files</Filter>
    </Image>
    <Image Include="res\textures\ArrowButton.png">
      <Filter>Resource Files</Filter>
    </Image>
    <Image Include="res\textures\ArrowButtonSelected.png">
      <Filter>Resource Files</Filter>
    </Image>
    <Image Include="res\textures\Curses.png">
      <Filter>Resource Files</Filter>
    </Image>
    <Image Include="res\textures\EnemyInfo.png">
      <Filter>Resource Files</Filter>
    </Image>
    <Image Include="res\textures\EventButtons.png">
      <Filter>Resource Files</Filter>
    </Image>
    <Image Include="res\textures\TowerInfo.png">
      <Filter>Resource Files</Filter>
    </Image>
    <Image Include="res\textures\events\CaveBat.png">
      <Filter>Resource Files</Filter>
    </Image>
    <Image Include="res\textures\events\FountainOfYouth.png">
      <Filter>Resource Files</Filter>
    </Image>
    <Image Include="res\textures\events\LiterallySatan.png">
      <Filter>Resource Files</Filter>
    </Image>
    <Image Include="res\textures\events\TrolleyProblem.png">
      <Filter>Resource Files</Filter>
    </Image>
    <Image Include="res\textures\fonts\Arial.png">
      <Filter>Resource Files</Filter>
    </Image>
    <Image Include="res\textures\fonts\ArialBold.png">
      <Filter>Resource Files</Filter>
    </Image>
    <Image Include="res\textures\projectiles\arrow.png">
      <Filter>Resource Files</Filter>
    </Image>
    <Image Include="res\textures\projectiles\giantRock.png">
      <Filter>Resource Files</Filter>
    </Image>
    <Image Include="res\textures\projectiles\magicMissile.png">
      <Filter>Resource Files</Filter>
    </Image>
    <Image Include="res\textures\projectiles\poisonBomb.png">
      <Filter>Resource Files</Filter>
    </Image>
    <Image Include="res\textures\Artifacts.png">
      <Filter>Resource Files</Filter>
    </Image>
    <Image Include="res\textures\PlayerButtons.png">
      <Filter>Resource Files</Filter>
    </Image>
    <Image Include="res\textures\ArtifactInfo.png">
      <Filter>Resource Files</Filter>
    </Image>
    <Image Include="res\textures\AuraCards.png">
      <Filter>Resource Files</Filter>
    </Image>
    <Image Include="res\textures\AuraInfo.png">
      <Filter>Resource Files</Filter>
    </Image>
    <Image Include="res\textures\Auras.png">
      <Filter>Resource Files</Filter>
    </Image>
    <Image Include="res\textures\cardTemplate.png">
      <Filter>Resource Files</Filter>
    </Image>
    <Image Include="res\textures\CombatRewardButton.png">
      <Filter>Resource Files</Filter>
    </Image>
    <Image Include="res\textures\Stats.png">
      <Filter>Resource Files</Filter>
    </Image>
    <Image Include="res\textures\BuildButtons.png">
      <Filter>Resource Files</Filter>
    </Image>
  </ItemGroup>
  <ItemGroup>
    <ClInclude Include="src\math\Mat4f.h">
      <Filter>Header Files</Filter>
    </ClInclude>
    <ClInclude Include="src\math\Vector.h">
      <Filter>Header Files</Filter>
    </ClInclude>
    <ClInclude Include="src\vendor\stb_image\stb_image.h">
      <Filter>Header Files</Filter>
    </ClInclude>
    <ClInclude Include="src\engine\Image.h">
      <Filter>Header Files</Filter>
    </ClInclude>
    <ClInclude Include="src\engine\IndexBuffer.h">
      <Filter>Header Files</Filter>
    </ClInclude>
    <ClInclude Include="src\engine\Renderer.h">
      <Filter>Header Files</Filter>
    </ClInclude>
    <ClInclude Include="src\engine\Shader.h">
      <Filter>Header Files</Filter>
    </ClInclude>
    <ClInclude Include="src\engine\Text.h">
      <Filter>Header Files</Filter>
    </ClInclude>
    <ClInclude Include="src\engine\Texture.h">
      <Filter>Header Files</Filter>
    </ClInclude>
    <ClInclude Include="src\engine\VertexArray.h">
      <Filter>Header Files</Filter>
    </ClInclude>
    <ClInclude Include="src\engine\VertexBuffer.h">
      <Filter>Header Files</Filter>
    </ClInclude>
    <ClInclude Include="src\engine\VertexBufferLayout.h">
      <Filter>Header Files</Filter>
    </ClInclude>
    <ClInclude Include="src\engine\Log.h">
      <Filter>Header Files</Filter>
    </ClInclude>
    <ClInclude Include="src\TowerDefense.h">
      <Filter>Header Files</Filter>
    </ClInclude>
    <ClInclude Include="src\scenes\Scene.h">
      <Filter>Header Files</Filter>
    </ClInclude>
    <ClInclude Include="src\scenes\MainMenu.h">
      <Filter>Header Files</Filter>
    </ClInclude>
    <ClInclude Include="src\core\Entity.h">
      <Filter>Header Files</Filter>
    </ClInclude>
    <ClInclude Include="src\core\StaticImage.h">
      <Filter>Header Files</Filter>
    </ClInclude>
    <ClInclude Include="src\core\Button.h">
      <Filter>Header Files</Filter>
    </ClInclude>
    <ClInclude Include="src\engine\Input.h">
      <Filter>Header Files</Filter>
    </ClInclude>
    <ClInclude Include="src\pch.h">
      <Filter>Header Files</Filter>
    </ClInclude>
    <ClInclude Include="src\scenes\Base.h">
      <Filter>Header Files</Filter>
    </ClInclude>
    <ClInclude Include="src\scenes\PreCombatScreen.h">
      <Filter>Header Files</Filter>
    </ClInclude>
    <ClInclude Include="src\scenes\PostCombatScreen.h">
      <Filter>Header Files</Filter>
    </ClInclude>
    <ClInclude Include="src\scenes\Combat.h">
      <Filter>Header Files</Filter>
    </ClInclude>
    <ClInclude Include="src\cards\Card.h">
      <Filter>Header Files</Filter>
    </ClInclude>
    <ClInclude Include="src\cards\Hand.h">
      <Filter>Header Files</Filter>
    </ClInclude>
    <ClInclude Include="src\cards\CardPile.h">
      <Filter>Header Files</Filter>
    </ClInclude>
    <ClInclude Include="src\core\Player.h">
      <Filter>Header Files</Filter>
    </ClInclude>
    <ClInclude Include="src\core\Board.h">
      <Filter>Header Files</Filter>
    </ClInclude>
    <ClInclude Include="src\core\Tile.h">
      <Filter>Header Files</Filter>
    </ClInclude>
    <ClInclude Include="src\enemies\Enemy.h">
      <Filter>Header Files</Filter>
    </ClInclude>
    <ClInclude Include="src\enemies\Enemies.h">
      <Filter>Header Files</Filter>
    </ClInclude>
    <ClInclude Include="src\core\Clock.h">
      <Filter>Header Files</Filter>
    </ClInclude>
    <ClInclude Include="src\towers\Tower.h">
      <Filter>Header Files</Filter>
    </ClInclude>
    <ClInclude Include="src\towers\projectiles\Projectile.h">
      <Filter>Header Files</Filter>
    </ClInclude>
    <ClInclude Include="src\towers\projectiles\Projectiles.h">
      <Filter>Header Files</Filter>
    </ClInclude>
    <ClInclude Include="src\towers\Archer.h">
      <Filter>Header Files</Filter>
    </ClInclude>
    <ClInclude Include="src\cards\TowerCard.h">
      <Filter>Header Files</Filter>
    </ClInclude>
    <ClInclude Include="src\cards\TowerCards.h">
      <Filter>Header Files</Filter>
    </ClInclude>
    <ClInclude Include="src\towers\Wizard.h">
      <Filter>Header Files</Filter>
    </ClInclude>
    <ClInclude Include="src\towers\Giant.h">
      <Filter>Header Files</Filter>
    </ClInclude>
    <ClInclude Include="src\towers\Alchemist.h">
      <Filter>Header Files</Filter>
    </ClInclude>
    <ClInclude Include="src\core\AnimationEffect.h">
      <Filter>Header Files</Filter>
    </ClInclude>
    <ClInclude Include="src\engine\Animation.h">
      <Filter>Header Files</Filter>
    </ClInclude>
    <ClInclude Include="src\towers\Bard.h">
      <Filter>Header Files</Filter>
    </ClInclude>
    <ClInclude Include="src\towers\buffs\Buff.h">
      <Filter>Header Files</Filter>
    </ClInclude>
    <ClInclude Include="src\towers\buffs\SpeedBuff.h">
      <Filter>Header Files</Filter>
    </ClInclude>
    <ClInclude Include="src\towers\buffs\DamageBuff.h">
      <Filter>Header Files</Filter>
    </ClInclude>
    <ClInclude Include="src\towers\Cleric.h">
      <Filter>Header Files</Filter>
    </ClInclude>
    <ClInclude Include="src\towers\Paladin.h">
      <Filter>Header Files</Filter>
    </ClInclude>
    <ClInclude Include="src\towers\Monk.h">
      <Filter>Header Files</Filter>
    </ClInclude>
    <ClInclude Include="src\engine\Circle.h">
      <Filter>Header Files</Filter>
    </ClInclude>
    <ClInclude Include="src\engine\Rectangle.h">
      <Filter>Header Files</Filter>
    </ClInclude>
    <ClInclude Include="src\enemies\HealthBar.h">
      <Filter>Header Files</Filter>
    </ClInclude>
    <ClInclude Include="src\math\Random.h">
      <Filter>Header Files</Filter>
    </ClInclude>
    <ClInclude Include="src\enemies\Wave.h">
      <Filter>Header Files</Filter>
    </ClInclude>
    <ClInclude Include="src\enemies\Fight.h">
      <Filter>Header Files</Filter>
    </ClInclude>
    <ClInclude Include="src\cards\CardChoice.h">
      <Filter>Header Files</Filter>
    </ClInclude>
    <ClInclude Include="src\cards\quirks\Quirk.h">
      <Filter>Header Files</Filter>
    </ClInclude>
    <ClInclude Include="src\cards\HeroCard.h">
      <Filter>Header Files</Filter>
    </ClInclude>
    <ClInclude Include="src\cards\upgrades\Upgrade.h">
      <Filter>Header Files</Filter>
    </ClInclude>
    <ClInclude Include="src\cards\upgrades\Upgrades.h">
      <Filter>Header Files</Filter>
    </ClInclude>
    <ClInclude Include="src\cards\InfoTile.h">
      <Filter>Header Files</Filter>
    </ClInclude>
    <ClInclude Include="src\engine\SpriteSheet.h">
      <Filter>Header Files</Filter>
    </ClInclude>
    <ClInclude Include="src\towers\TowerInfo.h">
      <Filter>Header Files</Filter>
    </ClInclude>
    <ClInclude Include="src\enemies\EnemyInfo.h">
      <Filter>Header Files</Filter>
    </ClInclude>
    <ClInclude Include="src\scenes\cave_scenes\CaveScene.h">
      <Filter>Header Files</Filter>
    </ClInclude>
    <ClInclude Include="src\cards\curses\Curses.h">
      <Filter>Header Files</Filter>
    </ClInclude>
    <ClInclude Include="src\scenes\base_scenes\BaseScene.h">
      <Filter>Header Files</Filter>
    </ClInclude>
    <ClInclude Include="src\artifacts\Artifact.h">
      <Filter>Header Files</Filter>
    </ClInclude>
    <ClInclude Include="src\artifacts\ArtifactPile.h">
      <Filter>Header Files</Filter>
    </ClInclude>
    <ClInclude Include="src\engine\Line.h">
      <Filter>Header Files</Filter>
    </ClInclude>
    <ClInclude Include="src\cards\LightningBolt.h">
      <Filter>Header Files</Filter>
    </ClInclude>
    <ClInclude Include="src\scenes\base_scenes\BuildButton.h">
      <Filter>Header Files</Filter>
    </ClInclude>
    <ClInclude Include="src\scenes\CombatReward.h">
      <Filter>Header Files</Filter>
    </ClInclude>
    <ClInclude Include="src\core\TextureLoader.h">
      <Filter>Header Files</Filter>
    </ClInclude>
    <ClInclude Include="src\cards\SkillCards.h">
      <Filter>Header Files</Filter>
    </ClInclude>
    <ClInclude Include="src\Auras\Aura.h">
      <Filter>Header Files</Filter>
    </ClInclude>
    <ClInclude Include="src\cards\AuraCards.h">
      <Filter>Header Files</Filter>
    </ClInclude>
    <ClInclude Include="src\towers\Ranger.h">
      <Filter>Header Files</Filter>
    </ClInclude>
    <ClInclude Include="src\scenes\base_scenes\CardSlot.h">
      <Filter>Header Files</Filter>
    </ClInclude>
    <ClInclude Include="src\scenes\base_scenes\ArtifactSlot.h">
      <Filter>Header Files</Filter>
    </ClInclude>
    <ClInclude Include="src\enemies\EnemyIcon.h">
      <Filter>Header Files</Filter>
    </ClInclude>
    <ClInclude Include="src\cards\SideboardSlot.h">
      <Filter>Header Files</Filter>
    </ClInclude>
  </ItemGroup>
</Project>